# THIS IS AN AUTOGENERATED FILE. DO NOT EDIT THIS FILE DIRECTLY.
# yarn lockfile v1


image-size@^0.5.3:
  version "0.5.5"
  resolved "https://registry.yarnpkg.com/image-size/-/image-size-0.5.5.tgz#09dfd4ab9d20e29eb1c3e80b8990378df9e3cb9c"
  integrity sha1-Cd/Uq50g4p6xw+gLiZA3jfnjy5w=

mp4-mjpeg@^0.0.2:
  version "0.0.2"
  resolved "https://registry.yarnpkg.com/mp4-mjpeg/-/mp4-mjpeg-0.0.2.tgz#db436a16b774562c271eca7331960dd5b89f0c17"
  integrity sha1-20NqFrd0ViwnHspzMZYN1bifDBc=
  dependencies:
    image-size "^0.5.3"
